// !$*UTF8*$!
{
	archiveVersion = 1;
	classes = {
	};
	objectVersion = 56;
	objects = {

/* Begin PBXBuildFile section */
		B36E55CC2B83CBD000BA4FD8 /* LearnSwiftApp.swift in Sources */ = {isa = PBXBuildFile; fileRef = B36E55CB2B83CBD000BA4FD8 /* LearnSwiftApp.swift */; };
		B36E55CE2B83CBD000BA4FD8 /* ContentView.swift in Sources */ = {isa = PBXBuildFile; fileRef = B36E55CD2B83CBD000BA4FD8 /* ContentView.swift */; };
		B36E55D02B83CBD100BA4FD8 /* Assets.xcassets in Resources */ = {isa = PBXBuildFile; fileRef = B36E55CF2B83CBD100BA4FD8 /* Assets.xcassets */; };
		B36E55D32B83CBD100BA4FD8 /* Preview Assets.xcassets in Resources */ = {isa = PBXBuildFile; fileRef = B36E55D22B83CBD100BA4FD8 /* Preview Assets.xcassets */; };
		B36E55DD2B83CBD100BA4FD8 /* LearnSwiftTests.swift in Sources */ = {isa = PBXBuildFile; fileRef = B36E55DC2B83CBD100BA4FD8 /* LearnSwiftTests.swift */; };
		B36E55E72B83CBD100BA4FD8 /* LearnSwiftUITests.swift in Sources */ = {isa = PBXBuildFile; fileRef = B36E55E62B83CBD100BA4FD8 /* LearnSwiftUITests.swift */; };
		B36E55E92B83CBD100BA4FD8 /* LearnSwiftUITestsLaunchTests.swift in Sources */ = {isa = PBXBuildFile; fileRef = B36E55E82B83CBD100BA4FD8 /* LearnSwiftUITestsLaunchTests.swift */; };
/* End PBXBuildFile section */

/* Begin PBXContainerItemProxy section */
		B36E55D92B83CBD100BA4FD8 /* PBXContainerItemProxy */ = {
			isa = PBXContainerItemProxy;
			containerPortal = B36E55C02B83CBD000BA4FD8 /* Project object */;
			proxyType = 1;
			remoteGlobalIDString = B36E55C72B83CBD000BA4FD8;
			remoteInfo = LearnSwift;
		};
		B36E55E32B83CBD100BA4FD8 /* PBXContainerItemProxy */ = {
			isa = PBXContainerItemProxy;
			containerPortal = B36E55C02B83CBD000BA4FD8 /* Project object */;
			proxyType = 1;
			remoteGlobalIDString = B36E55C72B83CBD000BA4FD8;
			remoteInfo = LearnSwift;
		};
/* End PBXContainerItemProxy section */

/* Begin PBXFileReference section */
		B36E55C82B83CBD000BA4FD8 /* LearnSwift.app */ = {isa = PBXFileReference; explicitFileType = wrapper.application; includeInIndex = 0; path = LearnSwift.app; sourceTree = BUILT_PRODUCTS_DIR; };
		B36E55CB2B83CBD000BA4FD8 /* LearnSwiftApp.swift */ = {isa = PBXFileReference; lastKnownFileType = sourcecode.swift; path = LearnSwiftApp.swift; sourceTree = "<group>"; };
		B36E55CD2B83CBD000BA4FD8 /* ContentView.swift */ = {isa = PBXFileReference; lastKnownFileType = sourcecode.swift; path = ContentView.swift; sourceTree = "<group>"; };
		B36E55CF2B83CBD100BA4FD8 /* Assets.xcassets */ = {isa = PBXFileReference; lastKnownFileType = folder.assetcatalog; path = Assets.xcassets; sourceTree = "<group>"; };
		B36E55D22B83CBD100BA4FD8 /* Preview Assets.xcassets */ = {isa = PBXFileReference; lastKnownFileType = folder.assetcatalog; path = "Preview Assets.xcassets"; sourceTree = "<group>"; };
		B36E55D82B83CBD100BA4FD8 /* LearnSwiftTests.xctest */ = {isa = PBXFileReference; explicitFileType = wrapper.cfbundle; includeInIndex = 0; path = LearnSwiftTests.xctest; sourceTree = BUILT_PRODUCTS_DIR; };
		B36E55DC2B83CBD100BA4FD8 /* LearnSwiftTests.swift */ = {isa = PBXFileReference; lastKnownFileType = sourcecode.swift; path = LearnSwiftTests.swift; sourceTree = "<group>"; };
		B36E55E22B83CBD100BA4FD8 /* LearnSwiftUITests.xctest */ = {isa = PBXFileReference; explicitFileType = wrapper.cfbundle; includeInIndex = 0; path = LearnSwiftUITests.xctest; sourceTree = BUILT_PRODUCTS_DIR; };
		B36E55E62B83CBD100BA4FD8 /* LearnSwiftUITests.swift */ = {isa = PBXFileReference; lastKnownFileType = sourcecode.swift; path = LearnSwiftUITests.swift; sourceTree = "<group>"; };
		B36E55E82B83CBD100BA4FD8 /* LearnSwiftUITestsLaunchTests.swift */ = {isa = PBXFileReference; lastKnownFileType = sourcecode.swift; path = LearnSwiftUITestsLaunchTests.swift; sourceTree = "<group>"; };
/* End PBXFileReference section */

/* Begin PBXFrameworksBuildPhase section */
		B36E55C52B83CBD000BA4FD8 /* Frameworks */ = {
			isa = PBXFrameworksBuildPhase;
			buildActionMask = 2147483647;
			files = (
			);
			runOnlyForDeploymentPostprocessing = 0;
		};
		B36E55D52B83CBD100BA4FD8 /* Frameworks */ = {
			isa = PBXFrameworksBuildPhase;
			buildActionMask = 2147483647;
			files = (
			);
			runOnlyForDeploymentPostprocessing = 0;
		};
		B36E55DF2B83CBD100BA4FD8 /* Frameworks */ = {
			isa = PBXFrameworksBuildPhase;
			buildActionMask = 2147483647;
			files = (
			);
			runOnlyForDeploymentPostprocessing = 0;
		};
/* End PBXFrameworksBuildPhase section */

/* Begin PBXGroup section */
		B36E55BF2B83CBD000BA4FD8 = {
			isa = PBXGroup;
			children = (
				B36E55CA2B83CBD000BA4FD8 /* LearnSwift */,
				B36E55DB2B83CBD100BA4FD8 /* LearnSwiftTests */,
				B36E55E52B83CBD100BA4FD8 /* LearnSwiftUITests */,
				B36E55C92B83CBD000BA4FD8 /* Products */,
			);
			sourceTree = "<group>";
		};
		B36E55C92B83CBD000BA4FD8 /* Products */ = {
			isa = PBXGroup;
			children = (
				B36E55C82B83CBD000BA4FD8 /* LearnSwift.app */,
				B36E55D82B83CBD100BA4FD8 /* LearnSwiftTests.xctest */,
				B36E55E22B83CBD100BA4FD8 /* LearnSwiftUITests.xctest */,
			);
			name = Products;
			sourceTree = "<group>";
		};
		B36E55CA2B83CBD000BA4FD8 /* LearnSwift */ = {
			isa = PBXGroup;
			children = (
				B36E55CB2B83CBD000BA4FD8 /* LearnSwiftApp.swift */,
				B36E55CD2B83CBD000BA4FD8 /* ContentView.swift */,
				B36E55CF2B83CBD100BA4FD8 /* Assets.xcassets */,
				B36E55D12B83CBD100BA4FD8 /* Preview Content */,
			);
			path = LearnSwift;
			sourceTree = "<group>";
		};
		B36E55D12B83CBD100BA4FD8 /* Preview Content */ = {
			isa = PBXGroup;
			children = (
				B36E55D22B83CBD100BA4FD8 /* Preview Assets.xcassets */,
			);
			path = "Preview Content";
			sourceTree = "<group>";
		};
		B36E55DB2B83CBD100BA4FD8 /* LearnSwiftTests */ = {
			isa = PBXGroup;
			children = (
				B36E55DC2B83CBD100BA4FD8 /* LearnSwiftTests.swift */,
			);
			path = LearnSwiftTests;
			sourceTree = "<group>";
		};
		B36E55E52B83CBD100BA4FD8 /* LearnSwiftUITests */ = {
			isa = PBXGroup;
			children = (
				B36E55E62B83CBD100BA4FD8 /* LearnSwiftUITests.swift */,
				B36E55E82B83CBD100BA4FD8 /* LearnSwiftUITestsLaunchTests.swift */,
			);
			path = LearnSwiftUITests;
			sourceTree = "<group>";
		};
/* End PBXGroup section */

/* Begin PBXNativeTarget section */
		B36E55C72B83CBD000BA4FD8 /* LearnSwift */ = {
			isa = PBXNativeTarget;
			buildConfigurationList = B36E55EC2B83CBD100BA4FD8 /* Build configuration list for PBXNativeTarget "LearnSwift" */;
			buildPhases = (
				B36E55C42B83CBD000BA4FD8 /* Sources */,
				B36E55C52B83CBD000BA4FD8 /* Frameworks */,
				B36E55C62B83CBD000BA4FD8 /* Resources */,
			);
			buildRules = (
			);
			dependencies = (
			);
			name = LearnSwift;
			productName = LearnSwift;
			productReference = B36E55C82B83CBD000BA4FD8 /* LearnSwift.app */;
			productType = "com.apple.product-type.application";
		};
		B36E55D72B83CBD100BA4FD8 /* LearnSwiftTests */ = {
			isa = PBXNativeTarget;
			buildConfigurationList = B36E55EF2B83CBD100BA4FD8 /* Build configuration list for PBXNativeTarget "LearnSwiftTests" */;
			buildPhases = (
				B36E55D42B83CBD100BA4FD8 /* Sources */,
				B36E55D52B83CBD100BA4FD8 /* Frameworks */,
				B36E55D62B83CBD100BA4FD8 /* Resources */,
			);
			buildRules = (
			);
			dependencies = (
				B36E55DA2B83CBD100BA4FD8 /* PBXTargetDependency */,
			);
			name = LearnSwiftTests;
			productName = LearnSwiftTests;
			productReference = B36E55D82B83CBD100BA4FD8 /* LearnSwiftTests.xctest */;
			productType = "com.apple.product-type.bundle.unit-test";
		};
		B36E55E12B83CBD100BA4FD8 /* LearnSwiftUITests */ = {
			isa = PBXNativeTarget;
			buildConfigurationList = B36E55F22B83CBD100BA4FD8 /* Build configuration list for PBXNativeTarget "LearnSwiftUITests" */;
			buildPhases = (
				B36E55DE2B83CBD100BA4FD8 /* Sources */,
				B36E55DF2B83CBD100BA4FD8 /* Frameworks */,
				B36E55E02B83CBD100BA4FD8 /* Resources */,
			);
			buildRules = (
			);
			dependencies = (
				B36E55E42B83CBD100BA4FD8 /* PBXTargetDependency */,
			);
			name = LearnSwiftUITests;
			productName = LearnSwiftUITests;
			productReference = B36E55E22B83CBD100BA4FD8 /* LearnSwiftUITests.xctest */;
			productType = "com.apple.product-type.bundle.ui-testing";
		};
/* End PBXNativeTarget section */

/* Begin PBXProject section */
		B36E55C02B83CBD000BA4FD8 /* Project object */ = {
			isa = PBXProject;
			attributes = {
				BuildIndependentTargetsInParallel = 1;
				LastSwiftUpdateCheck = 1520;
				LastUpgradeCheck = 1520;
				TargetAttributes = {
					B36E55C72B83CBD000BA4FD8 = {
						CreatedOnToolsVersion = 15.2;
					};
					B36E55D72B83CBD100BA4FD8 = {
						CreatedOnToolsVersion = 15.2;
						TestTargetID = B36E55C72B83CBD000BA4FD8;
					};
					B36E55E12B83CBD100BA4FD8 = {
						CreatedOnToolsVersion = 15.2;
						TestTargetID = B36E55C72B83CBD000BA4FD8;
					};
				};
			};
			buildConfigurationList = B36E55C32B83CBD000BA4FD8 /* Build configuration list for PBXProject "LearnSwift" */;
			compatibilityVersion = "Xcode 14.0";
			developmentRegion = en;
			hasScannedForEncodings = 0;
			knownRegions = (
				en,
				Base,
			);
			mainGroup = B36E55BF2B83CBD000BA4FD8;
			productRefGroup = B36E55C92B83CBD000BA4FD8 /* Products */;
			projectDirPath = "";
			projectRoot = "";
			targets = (
				B36E55C72B83CBD000BA4FD8 /* LearnSwift */,
				B36E55D72B83CBD100BA4FD8 /* LearnSwiftTests */,
				B36E55E12B83CBD100BA4FD8 /* LearnSwiftUITests */,
			);
		};
/* End PBXProject section */

/* Begin PBXResourcesBuildPhase section */
		B36E55C62B83CBD000BA4FD8 /* Resources */ = {
			isa = PBXResourcesBuildPhase;
			buildActionMask = 2147483647;
			files = (
				B36E55D32B83CBD100BA4FD8 /* Preview Assets.xcassets in Resources */,
				B36E55D02B83CBD100BA4FD8 /* Assets.xcassets in Resources */,
			);
			runOnlyForDeploymentPostprocessing = 0;
		};
		B36E55D62B83CBD100BA4FD8 /* Resources */ = {
			isa = PBXResourcesBuildPhase;
			buildActionMask = 2147483647;
			files = (
			);
			runOnlyForDeploymentPostprocessing = 0;
		};
		B36E55E02B83CBD100BA4FD8 /* Resources */ = {
			isa = PBXResourcesBuildPhase;
			buildActionMask = 2147483647;
			files = (
			);
			runOnlyForDeploymentPostprocessing = 0;
		};
/* End PBXResourcesBuildPhase section */

/* Begin PBXSourcesBuildPhase section */
		B36E55C42B83CBD000BA4FD8 /* Sources */ = {
			isa = PBXSourcesBuildPhase;
			buildActionMask = 2147483647;
			files = (
				B36E55CE2B83CBD000BA4FD8 /* ContentView.swift in Sources */,
				B36E55CC2B83CBD000BA4FD8 /* LearnSwiftApp.swift in Sources */,
			);
			runOnlyForDeploymentPostprocessing = 0;
		};
		B36E55D42B83CBD100BA4FD8 /* Sources */ = {
			isa = PBXSourcesBuildPhase;
			buildActionMask = 2147483647;
			files = (
				B36E55DD2B83CBD100BA4FD8 /* LearnSwiftTests.swift in Sources */,
			);
			runOnlyForDeploymentPostprocessing = 0;
		};
		B36E55DE2B83CBD100BA4FD8 /* Sources */ = {
			isa = PBXSourcesBuildPhase;
			buildActionMask = 2147483647;
			files = (
				B36E55E72B83CBD100BA4FD8 /* LearnSwiftUITests.swift in Sources */,
				B36E55E92B83CBD100BA4FD8 /* LearnSwiftUITestsLaunchTests.swift in Sources */,
			);
			runOnlyForDeploymentPostprocessing = 0;
		};
/* End PBXSourcesBuildPhase section */

/* Begin PBXTargetDependency section */
		B36E55DA2B83CBD100BA4FD8 /* PBXTargetDependency */ = {
			isa = PBXTargetDependency;
			target = B36E55C72B83CBD000BA4FD8 /* LearnSwift */;
			targetProxy = B36E55D92B83CBD100BA4FD8 /* PBXContainerItemProxy */;
		};
		B36E55E42B83CBD100BA4FD8 /* PBXTargetDependency */ = {
			isa = PBXTargetDependency;
			target = B36E55C72B83CBD000BA4FD8 /* LearnSwift */;
			targetProxy = B36E55E32B83CBD100BA4FD8 /* PBXContainerItemProxy */;
		};
/* End PBXTargetDependency section */

/* Begin XCBuildConfiguration section */
		B36E55EA2B83CBD100BA4FD8 /* Debug */ = {
			isa = XCBuildConfiguration;
			buildSettings = {
				ALWAYS_SEARCH_USER_PATHS = NO;
				ASSETCATALOG_COMPILER_GENERATE_SWIFT_ASSET_SYMBOL_EXTENSIONS = YES;
				CLANG_ANALYZER_NONNULL = YES;
				CLANG_ANALYZER_NUMBER_OBJECT_CONVERSION = YES_AGGRESSIVE;
				CLANG_CXX_LANGUAGE_STANDARD = "gnu++20";
				CLANG_ENABLE_MODULES = YES;
				CLANG_ENABLE_OBJC_ARC = YES;
				CLANG_ENABLE_OBJC_WEAK = YES;
				CLANG_WARN_BLOCK_CAPTURE_AUTORELEASING = YES;
				CLANG_WARN_BOOL_CONVERSION = YES;
				CLANG_WARN_COMMA = YES;
				CLANG_WARN_CONSTANT_CONVERSION = YES;
				CLANG_WARN_DEPRECATED_OBJC_IMPLEMENTATIONS = YES;
				CLANG_WARN_DIRECT_OBJC_ISA_USAGE = YES_ERROR;
				CLANG_WARN_DOCUMENTATION_COMMENTS = YES;
				CLANG_WARN_EMPTY_BODY = YES;
				CLANG_WARN_ENUM_CONVERSION = YES;
				CLANG_WARN_INFINITE_RECURSION = YES;
				CLANG_WARN_INT_CONVERSION = YES;
				CLANG_WARN_NON_LITERAL_NULL_CONVERSION = YES;
				CLANG_WARN_OBJC_IMPLICIT_RETAIN_SELF = YES;
				CLANG_WARN_OBJC_LITERAL_CONVERSION = YES;
				CLANG_WARN_OBJC_ROOT_CLASS = YES_ERROR;
				CLANG_WARN_QUOTED_INCLUDE_IN_FRAMEWORK_HEADER = YES;
				CLANG_WARN_RANGE_LOOP_ANALYSIS = YES;
				CLANG_WARN_STRICT_PROTOTYPES = YES;
				CLANG_WARN_SUSPICIOUS_MOVE = YES;
				CLANG_WARN_UNGUARDED_AVAILABILITY = YES_AGGRESSIVE;
				CLANG_WARN_UNREACHABLE_CODE = YES;
				CLANG_WARN__DUPLICATE_METHOD_MATCH = YES;
				COPY_PHASE_STRIP = NO;
				DEBUG_INFORMATION_FORMAT = dwarf;
				ENABLE_STRICT_OBJC_MSGSEND = YES;
				ENABLE_TESTABILITY = YES;
				ENABLE_USER_SCRIPT_SANDBOXING = YES;
				GCC_C_LANGUAGE_STANDARD = gnu17;
				GCC_DYNAMIC_NO_PIC = NO;
				GCC_NO_COMMON_BLOCKS = YES;
				GCC_OPTIMIZATION_LEVEL = 0;
				GCC_PREPROCESSOR_DEFINITIONS = (
					"DEBUG=1",
					"$(inherited)",
				);
				GCC_WARN_64_TO_32_BIT_CONVERSION = YES;
				GCC_WARN_ABOUT_RETURN_TYPE = YES_ERROR;
				GCC_WARN_UNDECLARED_SELECTOR = YES;
				GCC_WARN_UNINITIALIZED_AUTOS = YES_AGGRESSIVE;
				GCC_WARN_UNUSED_FUNCTION = YES;
				GCC_WARN_UNUSED_VARIABLE = YES;
				IPHONEOS_DEPLOYMENT_TARGET = 17.2;
				LOCALIZATION_PREFERS_STRING_CATALOGS = YES;
				MTL_ENABLE_DEBUG_INFO = INCLUDE_SOURCE;
				MTL_FAST_MATH = YES;
				ONLY_ACTIVE_ARCH = YES;
				SDKROOT = iphoneos;
				SWIFT_ACTIVE_COMPILATION_CONDITIONS = "DEBUG $(inherited)";
				SWIFT_OPTIMIZATION_LEVEL = "-Onone";
			};
			name = Debug;
		};
		B36E55EB2B83CBD100BA4FD8 /* Release */ = {
			isa = XCBuildConfiguration;
			buildSettings = {
				ALWAYS_SEARCH_USER_PATHS = NO;
				ASSETCATALOG_COMPILER_GENERATE_SWIFT_ASSET_SYMBOL_EXTENSIONS = YES;
				CLANG_ANALYZER_NONNULL = YES;
				CLANG_ANALYZER_NUMBER_OBJECT_CONVERSION = YES_AGGRESSIVE;
				CLANG_CXX_LANGUAGE_STANDARD = "gnu++20";
				CLANG_ENABLE_MODULES = YES;
				CLANG_ENABLE_OBJC_ARC = YES;
				CLANG_ENABLE_OBJC_WEAK = YES;
				CLANG_WARN_BLOCK_CAPTURE_AUTORELEASING = YES;
				CLANG_WARN_BOOL_CONVERSION = YES;
				CLANG_WARN_COMMA = YES;
				CLANG_WARN_CONSTANT_CONVERSION = YES;
				CLANG_WARN_DEPRECATED_OBJC_IMPLEMENTATIONS = YES;
				CLANG_WARN_DIRECT_OBJC_ISA_USAGE = YES_ERROR;
				CLANG_WARN_DOCUMENTATION_COMMENTS = YES;
				CLANG_WARN_EMPTY_BODY = YES;
				CLANG_WARN_ENUM_CONVERSION = YES;
				CLANG_WARN_INFINITE_RECURSION = YES;
				CLANG_WARN_INT_CONVERSION = YES;
				CLANG_WARN_NON_LITERAL_NULL_CONVERSION = YES;
				CLANG_WARN_OBJC_IMPLICIT_RETAIN_SELF = YES;
				CLANG_WARN_OBJC_LITERAL_CONVERSION = YES;
				CLANG_WARN_OBJC_ROOT_CLASS = YES_ERROR;
				CLANG_WARN_QUOTED_INCLUDE_IN_FRAMEWORK_HEADER = YES;
				CLANG_WARN_RANGE_LOOP_ANALYSIS = YES;
				CLANG_WARN_STRICT_PROTOTYPES = YES;
				CLANG_WARN_SUSPICIOUS_MOVE = YES;
				CLANG_WARN_UNGUARDED_AVAILABILITY = YES_AGGRESSIVE;
				CLANG_WARN_UNREACHABLE_CODE = YES;
				CLANG_WARN__DUPLICATE_METHOD_MATCH = YES;
				COPY_PHASE_STRIP = NO;
				DEBUG_INFORMATION_FORMAT = "dwarf-with-dsym";
				ENABLE_NS_ASSERTIONS = NO;
				ENABLE_STRICT_OBJC_MSGSEND = YES;
				ENABLE_USER_SCRIPT_SANDBOXING = YES;
				GCC_C_LANGUAGE_STANDARD = gnu17;
				GCC_NO_COMMON_BLOCKS = YES;
				GCC_WARN_64_TO_32_BIT_CONVERSION = YES;
				GCC_WARN_ABOUT_RETURN_TYPE = YES_ERROR;
				GCC_WARN_UNDECLARED_SELECTOR = YES;
				GCC_WARN_UNINITIALIZED_AUTOS = YES_AGGRESSIVE;
				GCC_WARN_UNUSED_FUNCTION = YES;
				GCC_WARN_UNUSED_VARIABLE = YES;
				IPHONEOS_DEPLOYMENT_TARGET = 17.2;
				LOCALIZATION_PREFERS_STRING_CATALOGS = YES;
				MTL_ENABLE_DEBUG_INFO = NO;
				MTL_FAST_MATH = YES;
				SDKROOT = iphoneos;
				SWIFT_COMPILATION_MODE = wholemodule;
				VALIDATE_PRODUCT = YES;
			};
			name = Release;
		};
		B36E55ED2B83CBD100BA4FD8 /* Debug */ = {
			isa = XCBuildConfiguration;
			buildSettings = {
				ASSETCATALOG_COMPILER_APPICON_NAME = AppIcon;
				ASSETCATALOG_COMPILER_GLOBAL_ACCENT_COLOR_NAME = AccentColor;
				CODE_SIGN_STYLE = Automatic;
				CURRENT_PROJECT_VERSION = 1;
				DEVELOPMENT_ASSET_PATHS = "\"LearnSwift/Preview Content\"";
				DEVELOPMENT_TEAM = SFS335SR3V;
				ENABLE_PREVIEWS = YES;
				GENERATE_INFOPLIST_FILE = YES;
				INFOPLIST_KEY_UIApplicationSceneManifest_Generation = YES;
				INFOPLIST_KEY_UIApplicationSupportsIndirectInputEvents = YES;
				INFOPLIST_KEY_UILaunchScreen_Generation = YES;
				INFOPLIST_KEY_UISupportedInterfaceOrientations_iPad = "UIInterfaceOrientationPortrait UIInterfaceOrientationPortraitUpsideDown UIInterfaceOrientationLandscapeLeft UIInterfaceOrientationLandscapeRight";
				INFOPLIST_KEY_UISupportedInterfaceOrientations_iPhone = "UIInterfaceOrientationPortrait UIInterfaceOrientationLandscapeLeft UIInterfaceOrientationLandscapeRight";
				IPHONEOS_DEPLOYMENT_TARGET = 16.0;
				LD_RUNPATH_SEARCH_PATHS = (
					"$(inherited)",
					"@executable_path/Frameworks",
				);
				MARKETING_VERSION = 1.0;
				PRODUCT_BUNDLE_IDENTIFIER = kr.suk.LearnSwift;
				PRODUCT_NAME = "$(TARGET_NAME)";
				SWIFT_EMIT_LOC_STRINGS = YES;
				SWIFT_VERSION = 5.0;
				TARGETED_DEVICE_FAMILY = "1,2";
			};
			name = Debug;
		};
		B36E55EE2B83CBD100BA4FD8 /* Release */ = {
			isa = XCBuildConfiguration;
			buildSettings = {
				ASSETCATALOG_COMPILER_APPICON_NAME = AppIcon;
				ASSETCATALOG_COMPILER_GLOBAL_ACCENT_COLOR_NAME = AccentColor;
				CODE_SIGN_STYLE = Automatic;
				CURRENT_PROJECT_VERSION = 1;
				DEVELOPMENT_ASSET_PATHS = "\"LearnSwift/Preview Content\"";
				DEVELOPMENT_TEAM = SFS335SR3V;
				ENABLE_PREVIEWS = YES;
				GENERATE_INFOPLIST_FILE = YES;
				INFOPLIST_KEY_UIApplicationSceneManifest_Generation = YES;
				INFOPLIST_KEY_UIApplicationSupportsIndirectInputEvents = YES;
				INFOPLIST_KEY_UILaunchScreen_Generation = YES;
				INFOPLIST_KEY_UISupportedInterfaceOrientations_iPad = "UIInterfaceOrientationPortrait UIInterfaceOrientationPortraitUpsideDown UIInterfaceOrientationLandscapeLeft UIInterfaceOrientationLandscapeRight";
				INFOPLIST_KEY_UISupportedInterfaceOrientations_iPhone = "UIInterfaceOrientationPortrait UIInterfaceOrientationLandscapeLeft UIInterfaceOrientationLandscapeRight";
				IPHONEOS_DEPLOYMENT_TARGET = 16.0;
				LD_RUNPATH_SEARCH_PATHS = (
					"$(inherited)",
					"@executable_path/Frameworks",
				);
				MARKETING_VERSION = 1.0;
				PRODUCT_BUNDLE_IDENTIFIER = kr.suk.LearnSwift;
				PRODUCT_NAME = "$(TARGET_NAME)";
				SWIFT_EMIT_LOC_STRINGS = YES;
				SWIFT_VERSION = 5.0;
				TARGETED_DEVICE_FAMILY = "1,2";
			};
			name = Release;
		};
		B36E55F02B83CBD100BA4FD8 /* Debug */ = {
			isa = XCBuildConfiguration;
			buildSettings = {
				ALWAYS_EMBED_SWIFT_STANDARD_LIBRARIES = YES;
				BUNDLE_LOADER = "$(TEST_HOST)";
				CODE_SIGN_STYLE = Automatic;
				CURRENT_PROJECT_VERSION = 1;
				DEVELOPMENT_TEAM = SFS335SR3V;
				GENERATE_INFOPLIST_FILE = YES;
				IPHONEOS_DEPLOYMENT_TARGET = 17.2;
				MARKETING_VERSION = 1.0;
				PRODUCT_BUNDLE_IDENTIFIER = kr.suk.LearnSwiftTests;
				PRODUCT_NAME = "$(TARGET_NAME)";
				SWIFT_EMIT_LOC_STRINGS = NO;
				SWIFT_VERSION = 5.0;
				TARGETED_DEVICE_FAMILY = "1,2";
				TEST_HOST = "$(BUILT_PRODUCTS_DIR)/LearnSwift.app/$(BUNDLE_EXECUTABLE_FOLDER_PATH)/LearnSwift";
			};
			name = Debug;
		};
		B36E55F12B83CBD100BA4FD8 /* Release */ = {
			isa = XCBuildConfiguration;
			buildSettings = {
				ALWAYS_EMBED_SWIFT_STANDARD_LIBRARIES = YES;
				BUNDLE_LOADER = "$(TEST_HOST)";
				CODE_SIGN_STYLE = Automatic;
				CURRENT_PROJECT_VERSION = 1;
				DEVELOPMENT_TEAM = SFS335SR3V;
				GENERATE_INFOPLIST_FILE = YES;
				IPHONEOS_DEPLOYMENT_TARGET = 17.2;
				MARKETING_VERSION = 1.0;
				PRODUCT_BUNDLE_IDENTIFIER = kr.suk.LearnSwiftTests;
				PRODUCT_NAME = "$(TARGET_NAME)";
				SWIFT_EMIT_LOC_STRINGS = NO;
				SWIFT_VERSION = 5.0;
				TARGETED_DEVICE_FAMILY = "1,2";
				TEST_HOST = "$(BUILT_PRODUCTS_DIR)/LearnSwift.app/$(BUNDLE_EXECUTABLE_FOLDER_PATH)/LearnSwift";
			};
			name = Release;
		};
		B36E55F32B83CBD100BA4FD8 /* Debug */ = {
			isa = XCBuildConfiguration;
			buildSettings = {
				ALWAYS_EMBED_SWIFT_STANDARD_LIBRARIES = YES;
				CODE_SIGN_STYLE = Automatic;
				CURRENT_PROJECT_VERSION = 1;
				DEVELOPMENT_TEAM = SFS335SR3V;
				GENERATE_INFOPLIST_FILE = YES;
				MARKETING_VERSION = 1.0;
				PRODUCT_BUNDLE_IDENTIFIER = kr.suk.LearnSwiftUITests;
				PRODUCT_NAME = "$(TARGET_NAME)";
				SWIFT_EMIT_LOC_STRINGS = NO;
				SWIFT_VERSION = 5.0;
				TARGETED_DEVICE_FAMILY = "1,2";
				TEST_TARGET_NAME = LearnSwift;
			};
			name = Debug;
		};
		B36E55F42B83CBD100BA4FD8 /* Release */ = {
			isa = XCBuildConfiguration;
			buildSettings = {
				ALWAYS_EMBED_SWIFT_STANDARD_LIBRARIES = YES;
				CODE_SIGN_STYLE = Automatic;
				CURRENT_PROJECT_VERSION = 1;
				DEVELOPMENT_TEAM = SFS335SR3V;
				GENERATE_INFOPLIST_FILE = YES;
				MARKETING_VERSION = 1.0;
				PRODUCT_BUNDLE_IDENTIFIER = kr.suk.LearnSwiftUITests;
				PRODUCT_NAME = "$(TARGET_NAME)";
				SWIFT_EMIT_LOC_STRINGS = NO;
				SWIFT_VERSION = 5.0;
				TARGETED_DEVICE_FAMILY = "1,2";
				TEST_TARGET_NAME = LearnSwift;
			};
			name = Release;
		};
/* End XCBuildConfiguration section */

/* Begin XCConfigurationList section */
		B36E55C32B83CBD000BA4FD8 /* Build configuration list for PBXProject "LearnSwift" */ = {
			isa = XCConfigurationList;
			buildConfigurations = (
				B36E55EA2B83CBD100BA4FD8 /* Debug */,
				B36E55EB2B83CBD100BA4FD8 /* Release */,
			);
			defaultConfigurationIsVisible = 0;
			defaultConfigurationName = Release;
		};
		B36E55EC2B83CBD100BA4FD8 /* Build configuration list for PBXNativeTarget "LearnSwift" */ = {
			isa = XCConfigurationList;
			buildConfigurations = (
				B36E55ED2B83CBD100BA4FD8 /* Debug */,
				B36E55EE2B83CBD100BA4FD8 /* Release */,
			);
			defaultConfigurationIsVisible = 0;
			defaultConfigurationName = Release;
		};
		B36E55EF2B83CBD100BA4FD8 /* Build configuration list for PBXNativeTarget "LearnSwiftTests" */ = {
			isa = XCConfigurationList;
			buildConfigurations = (
				B36E55F02B83CBD100BA4FD8 /* Debug */,
				B36E55F12B83CBD100BA4FD8 /* Release */,
			);
			defaultConfigurationIsVisible = 0;
			defaultConfigurationName = Release;
		};
		B36E55F22B83CBD100BA4FD8 /* Build configuration list for PBXNativeTarget "LearnSwiftUITests" */ = {
			isa = XCConfigurationList;
			buildConfigurations = (
				B36E55F32B83CBD100BA4FD8 /* Debug */,
				B36E55F42B83CBD100BA4FD8 /* Release */,
			);
			defaultConfigurationIsVisible = 0;
			defaultConfigurationName = Release;
		};
/* End XCConfigurationList section */
	};
	rootObject = B36E55C02B83CBD000BA4FD8 /* Project object */;
}
